
Microsoft Visual Studio Solution File, Format Version 12.00
# Visual Studio Version 17
VisualStudioVersion = 17.11.35312.102
MinimumVisualStudioVersion = 10.0.40219.1
Project("{9A19103F-16F7-4668-BE54-9A1E7A4F7556}") = "MedSy", "MedSy\MedSy.csproj", "{A72BD775-DFE2-42F3-B82F-68C4ADE343D0}"
EndProject
Global
	GlobalSection(SolutionConfigurationPlatforms) = preSolution
		Debug|ARM64 = Debug|ARM64
		Debug|x64 = Debug|x64
		Debug|x86 = Debug|x86
		Release|ARM64 = Release|ARM64
		Release|x64 = Release|x64
		Release|x86 = Release|x86
	EndGlobalSection
	GlobalSection(ProjectConfigurationPlatforms) = postSolution
		{A72BD775-DFE2-42F3-B82F-68C4ADE343D0}.Debug|ARM64.ActiveCfg = Debug|ARM64
		{A72BD775-DFE2-42F3-B82F-68C4ADE343D0}.Debug|ARM64.Build.0 = Debug|ARM64
		{A72BD775-DFE2-42F3-B82F-68C4ADE343D0}.Debug|ARM64.Deploy.0 = Debug|ARM64
		{A72BD775-DFE2-42F3-B82F-68C4ADE343D0}.Debug|x64.ActiveCfg = Debug|x64
		{A72BD775-DFE2-42F3-B82F-68C4ADE343D0}.Debug|x64.Build.0 = Debug|x64
		{A72BD775-DFE2-42F3-B82F-68C4ADE343D0}.Debug|x64.Deploy.0 = Debug|x64
		{A72BD775-DFE2-42F3-B82F-68C4ADE343D0}.Debug|x86.ActiveCfg = Debug|x86
		{A72BD775-DFE2-42F3-B82F-68C4ADE343D0}.Debug|x86.Build.0 = Debug|x86
		{A72BD775-DFE2-42F3-B82F-68C4ADE343D0}.Debug|x86.Deploy.0 = Debug|x86
		{A72BD775-DFE2-42F3-B82F-68C4ADE343D0}.Release|ARM64.ActiveCfg = Release|ARM64
		{A72BD775-DFE2-42F3-B82F-68C4ADE343D0}.Release|ARM64.Build.0 = Release|ARM64
		{A72BD775-DFE2-42F3-B82F-68C4ADE343D0}.Release|ARM64.Deploy.0 = Release|ARM64
		{A72BD775-DFE2-42F3-B82F-68C4ADE343D0}.Release|x64.ActiveCfg = Release|x64
		{A72BD775-DFE2-42F3-B82F-68C4ADE343D0}.Release|x64.Build.0 = Release|x64
		{A72BD775-DFE2-42F3-B82F-68C4ADE343D0}.Release|x64.Deploy.0 = Release|x64
		{A72BD775-DFE2-42F3-B82F-68C4ADE343D0}.Release|x86.ActiveCfg = Release|x86
		{A72BD775-DFE2-42F3-B82F-68C4ADE343D0}.Release|x86.Build.0 = Release|x86
		{A72BD775-DFE2-42F3-B82F-68C4ADE343D0}.Release|x86.Deploy.0 = Release|x86
	EndGlobalSection
	GlobalSection(SolutionProperties) = preSolution
		HideSolutionNode = FALSE
	EndGlobalSection
	GlobalSection(ExtensibilityGlobals) = postSolution
		SolutionGuid = {F60588E4-22DB-4124-BBDD-DE21C8BE8C15}
	EndGlobalSection
EndGlobal
